
Microsoft Visual Studio Solution File, Format Version 12.00
# Visual Studio 2012
Project("{8BC9CEB8-8B4A-11D0-8D11-00A0C91BC942}") = "frameoutX", "frameoutX\frameoutX.vcxproj", "{3DBB7101-9141-4C90-9845-81E654E5E22E}"
EndProject
Project("{8BC9CEB8-8B4A-11D0-8D11-00A0C91BC942}") = "checkboxX", "checkboxX\checkboxX.vcxproj", "{FC3999BF-3989-4699-9D39-28921B21F5C5}"
EndProject
Project("{8BC9CEB8-8B4A-11D0-8D11-00A0C91BC942}") = "dbsspX", "dbsspX\dbsspX.vcxproj", "{B05EE85A-AB25-4243-82FF-177878CBAD91}"
EndProject
Project("{8BC9CEB8-8B4A-11D0-8D11-00A0C91BC942}") = "template", "template\template.vcxproj", "{9275A5AC-E929-4DBA-B91B-06B0545287D7}"
EndProject
Global
	GlobalSection(SolutionConfigurationPlatforms) = preSolution
		Debug|Win32 = Debug|Win32
		Release|Win32 = Release|Win32
	EndGlobalSection
	GlobalSection(ProjectConfigurationPlatforms) = postSolution
		{3DBB7101-9141-4C90-9845-81E654E5E22E}.Debug|Win32.ActiveCfg = Debug|Win32
		{3DBB7101-9141-4C90-9845-81E654E5E22E}.Debug|Win32.Build.0 = Debug|Win32
		{3DBB7101-9141-4C90-9845-81E654E5E22E}.Release|Win32.ActiveCfg = Release|Win32
		{3DBB7101-9141-4C90-9845-81E654E5E22E}.Release|Win32.Build.0 = Release|Win32
		{FC3999BF-3989-4699-9D39-28921B21F5C5}.Debug|Win32.ActiveCfg = Debug|Win32
		{FC3999BF-3989-4699-9D39-28921B21F5C5}.Debug|Win32.Build.0 = Debug|Win32
		{FC3999BF-3989-4699-9D39-28921B21F5C5}.Release|Win32.ActiveCfg = Release|Win32
		{FC3999BF-3989-4699-9D39-28921B21F5C5}.Release|Win32.Build.0 = Release|Win32
		{B05EE85A-AB25-4243-82FF-177878CBAD91}.Debug|Win32.ActiveCfg = Debug|Win32
		{B05EE85A-AB25-4243-82FF-177878CBAD91}.Debug|Win32.Build.0 = Debug|Win32
		{B05EE85A-AB25-4243-82FF-177878CBAD91}.Release|Win32.ActiveCfg = Release|Win32
		{B05EE85A-AB25-4243-82FF-177878CBAD91}.Release|Win32.Build.0 = Release|Win32
		{9275A5AC-E929-4DBA-B91B-06B0545287D7}.Debug|Win32.ActiveCfg = Debug|Win32
		{9275A5AC-E929-4DBA-B91B-06B0545287D7}.Debug|Win32.Build.0 = Debug|Win32
		{9275A5AC-E929-4DBA-B91B-06B0545287D7}.Release|Win32.ActiveCfg = Release|Win32
		{9275A5AC-E929-4DBA-B91B-06B0545287D7}.Release|Win32.Build.0 = Release|Win32
	EndGlobalSection
	GlobalSection(SolutionProperties) = preSolution
		HideSolutionNode = FALSE
	EndGlobalSection
EndGlobal
